
Microsoft Visual Studio Solution File, Format Version 12.00
# Visual Studio Version 17
VisualStudioVersion = 17.5.002.0
MinimumVisualStudioVersion = 10.0.40219.1
Project("{2150E333-8FDC-42A3-9474-1A3956D46DE8}") = "sandbox", "sandbox", "{05CF69DE-83DE-4FA7-9A54-81BF32EBB6B8}"
EndProject
Project("{9A19103F-16F7-4668-BE54-9A1E7A4F7556}") = "sandbox_project", "sandbox\sandbox_project\sandbox_project.csproj", "{CA0DB364-F9F0-41E2-8720-4880AF104714}"
EndProject
Project("{2150E333-8FDC-42A3-9474-1A3956D46DE8}") = "week01", "week01", "{14ADE3DC-E63B-49D5-AD10-90745D555E44}"
EndProject
Project("{9A19103F-16F7-4668-BE54-9A1E7A4F7556}") = "analyze", "week01\analyze\analyze.csproj", "{74DFB674-75E5-467C-9592-79F8AD0B6751}"
EndProject
Project("{9A19103F-16F7-4668-BE54-9A1E7A4F7556}") = "code", "week01\code\code.csproj", "{20DCF4CE-B33A-4CCB-B60D-79A4C0872B51}"
EndProject
Project("{9A19103F-16F7-4668-BE54-9A1E7A4F7556}") = "teach", "week01\teach\teach.csproj", "{C61F10D4-4DA4-4E58-9E96-255F7DA8ECBB}"
EndProject
Project("{2150E333-8FDC-42A3-9474-1A3956D46DE8}") = "week02", "week02", "{8DBFF396-6DCC-4F97-AF56-3EC033B0CD2A}"
EndProject
Project("{9A19103F-16F7-4668-BE54-9A1E7A4F7556}") = "analyze", "week02\analyze\analyze.csproj", "{C7FEFFB0-8FCC-488B-90CA-D7D85DF8AC97}"
EndProject
Project("{9A19103F-16F7-4668-BE54-9A1E7A4F7556}") = "code", "week02\code\code.csproj", "{2A010AFE-F05C-4B8C-9DE7-CF477E7586F0}"
EndProject
Project("{9A19103F-16F7-4668-BE54-9A1E7A4F7556}") = "learn", "week02\learn\learn.csproj", "{53D43A16-2C0A-45DB-B4AF-A3F014B2B652}"
EndProject
Project("{9A19103F-16F7-4668-BE54-9A1E7A4F7556}") = "teach", "week02\teach\teach.csproj", "{64E7081F-B046-4F7A-9ADE-C69F313B4E19}"
EndProject
Project("{2150E333-8FDC-42A3-9474-1A3956D46DE8}") = "week03", "week03", "{B417DB22-A479-4272-B90B-83580BA9DFB4}"
EndProject
Project("{9A19103F-16F7-4668-BE54-9A1E7A4F7556}") = "code", "week03\code\code.csproj", "{78F47837-D5BF-46CA-A19E-92AA7F0FF825}"
EndProject
Project("{9A19103F-16F7-4668-BE54-9A1E7A4F7556}") = "learn", "week03\learn\learn.csproj", "{1FE04768-814F-409E-A7F3-A3B9B7C66184}"
EndProject
Project("{9A19103F-16F7-4668-BE54-9A1E7A4F7556}") = "teach", "week03\teach\teach.csproj", "{B1DAE6DA-2009-4093-BD5E-15DED7C09B1E}"
EndProject
Project("{2150E333-8FDC-42A3-9474-1A3956D46DE8}") = "week04", "week04", "{5B77D209-D2C5-4E01-B59A-E64D3C051540}"
EndProject
Project("{9A19103F-16F7-4668-BE54-9A1E7A4F7556}") = "code", "week04\code\code.csproj", "{7560BFCB-03ED-42E3-802C-5A16A963C622}"
EndProject
Project("{2150E333-8FDC-42A3-9474-1A3956D46DE8}") = "week05", "week05", "{FF7530B3-EAF1-487B-8C89-6F3453B83BD0}"
EndProject
Project("{9A19103F-16F7-4668-BE54-9A1E7A4F7556}") = "code", "week05\code\code.csproj", "{9DCC7306-38F9-49B2-B0C4-9554BF49D78D}"
EndProject
Project("{2150E333-8FDC-42A3-9474-1A3956D46DE8}") = "week06", "week06", "{50FEE753-A6F6-43D8-BE0D-C3341A456C39}"
EndProject
Project("{9A19103F-16F7-4668-BE54-9A1E7A4F7556}") = "code", "week06\code\code.csproj", "{01CF614D-CE15-4A12-A43A-C77BDDA5053D}"
EndProject
Global
	GlobalSection(SolutionConfigurationPlatforms) = preSolution
		Debug|Any CPU = Debug|Any CPU
		Release|Any CPU = Release|Any CPU
	EndGlobalSection
	GlobalSection(ProjectConfigurationPlatforms) = postSolution
		{CA0DB364-F9F0-41E2-8720-4880AF104714}.Debug|Any CPU.ActiveCfg = Debug|Any CPU
		{CA0DB364-F9F0-41E2-8720-4880AF104714}.Debug|Any CPU.Build.0 = Debug|Any CPU
		{CA0DB364-F9F0-41E2-8720-4880AF104714}.Release|Any CPU.ActiveCfg = Release|Any CPU
		{CA0DB364-F9F0-41E2-8720-4880AF104714}.Release|Any CPU.Build.0 = Release|Any CPU
		{74DFB674-75E5-467C-9592-79F8AD0B6751}.Debug|Any CPU.ActiveCfg = Debug|Any CPU
		{74DFB674-75E5-467C-9592-79F8AD0B6751}.Debug|Any CPU.Build.0 = Debug|Any CPU
		{74DFB674-75E5-467C-9592-79F8AD0B6751}.Release|Any CPU.ActiveCfg = Release|Any CPU
		{74DFB674-75E5-467C-9592-79F8AD0B6751}.Release|Any CPU.Build.0 = Release|Any CPU
		{20DCF4CE-B33A-4CCB-B60D-79A4C0872B51}.Debug|Any CPU.ActiveCfg = Debug|Any CPU
		{20DCF4CE-B33A-4CCB-B60D-79A4C0872B51}.Debug|Any CPU.Build.0 = Debug|Any CPU
		{20DCF4CE-B33A-4CCB-B60D-79A4C0872B51}.Release|Any CPU.ActiveCfg = Release|Any CPU
		{20DCF4CE-B33A-4CCB-B60D-79A4C0872B51}.Release|Any CPU.Build.0 = Release|Any CPU
		{C61F10D4-4DA4-4E58-9E96-255F7DA8ECBB}.Debug|Any CPU.ActiveCfg = Debug|Any CPU
		{C61F10D4-4DA4-4E58-9E96-255F7DA8ECBB}.Debug|Any CPU.Build.0 = Debug|Any CPU
		{C61F10D4-4DA4-4E58-9E96-255F7DA8ECBB}.Release|Any CPU.ActiveCfg = Release|Any CPU
		{C61F10D4-4DA4-4E58-9E96-255F7DA8ECBB}.Release|Any CPU.Build.0 = Release|Any CPU
		{C7FEFFB0-8FCC-488B-90CA-D7D85DF8AC97}.Debug|Any CPU.ActiveCfg = Debug|Any CPU
		{C7FEFFB0-8FCC-488B-90CA-D7D85DF8AC97}.Debug|Any CPU.Build.0 = Debug|Any CPU
		{C7FEFFB0-8FCC-488B-90CA-D7D85DF8AC97}.Release|Any CPU.ActiveCfg = Release|Any CPU
		{C7FEFFB0-8FCC-488B-90CA-D7D85DF8AC97}.Release|Any CPU.Build.0 = Release|Any CPU
		{2A010AFE-F05C-4B8C-9DE7-CF477E7586F0}.Debug|Any CPU.ActiveCfg = Debug|Any CPU
		{2A010AFE-F05C-4B8C-9DE7-CF477E7586F0}.Debug|Any CPU.Build.0 = Debug|Any CPU
		{2A010AFE-F05C-4B8C-9DE7-CF477E7586F0}.Release|Any CPU.ActiveCfg = Release|Any CPU
		{2A010AFE-F05C-4B8C-9DE7-CF477E7586F0}.Release|Any CPU.Build.0 = Release|Any CPU
		{53D43A16-2C0A-45DB-B4AF-A3F014B2B652}.Debug|Any CPU.ActiveCfg = Debug|Any CPU
		{53D43A16-2C0A-45DB-B4AF-A3F014B2B652}.Debug|Any CPU.Build.0 = Debug|Any CPU
		{53D43A16-2C0A-45DB-B4AF-A3F014B2B652}.Release|Any CPU.ActiveCfg = Release|Any CPU
		{53D43A16-2C0A-45DB-B4AF-A3F014B2B652}.Release|Any CPU.Build.0 = Release|Any CPU
		{64E7081F-B046-4F7A-9ADE-C69F313B4E19}.Debug|Any CPU.ActiveCfg = Debug|Any CPU
		{64E7081F-B046-4F7A-9ADE-C69F313B4E19}.Debug|Any CPU.Build.0 = Debug|Any CPU
		{64E7081F-B046-4F7A-9ADE-C69F313B4E19}.Release|Any CPU.ActiveCfg = Release|Any CPU
		{64E7081F-B046-4F7A-9ADE-C69F313B4E19}.Release|Any CPU.Build.0 = Release|Any CPU
		{78F47837-D5BF-46CA-A19E-92AA7F0FF825}.Debug|Any CPU.ActiveCfg = Debug|Any CPU
		{78F47837-D5BF-46CA-A19E-92AA7F0FF825}.Debug|Any CPU.Build.0 = Debug|Any CPU
		{78F47837-D5BF-46CA-A19E-92AA7F0FF825}.Release|Any CPU.ActiveCfg = Release|Any CPU
		{78F47837-D5BF-46CA-A19E-92AA7F0FF825}.Release|Any CPU.Build.0 = Release|Any CPU
		{1FE04768-814F-409E-A7F3-A3B9B7C66184}.Debug|Any CPU.ActiveCfg = Debug|Any CPU
		{1FE04768-814F-409E-A7F3-A3B9B7C66184}.Debug|Any CPU.Build.0 = Debug|Any CPU
		{1FE04768-814F-409E-A7F3-A3B9B7C66184}.Release|Any CPU.ActiveCfg = Release|Any CPU
		{1FE04768-814F-409E-A7F3-A3B9B7C66184}.Release|Any CPU.Build.0 = Release|Any CPU
		{B1DAE6DA-2009-4093-BD5E-15DED7C09B1E}.Debug|Any CPU.ActiveCfg = Debug|Any CPU
		{B1DAE6DA-2009-4093-BD5E-15DED7C09B1E}.Debug|Any CPU.Build.0 = Debug|Any CPU
		{B1DAE6DA-2009-4093-BD5E-15DED7C09B1E}.Release|Any CPU.ActiveCfg = Release|Any CPU
		{B1DAE6DA-2009-4093-BD5E-15DED7C09B1E}.Release|Any CPU.Build.0 = Release|Any CPU
		{7560BFCB-03ED-42E3-802C-5A16A963C622}.Debug|Any CPU.ActiveCfg = Debug|Any CPU
		{7560BFCB-03ED-42E3-802C-5A16A963C622}.Debug|Any CPU.Build.0 = Debug|Any CPU
		{7560BFCB-03ED-42E3-802C-5A16A963C622}.Release|Any CPU.ActiveCfg = Release|Any CPU
		{7560BFCB-03ED-42E3-802C-5A16A963C622}.Release|Any CPU.Build.0 = Release|Any CPU
		{9DCC7306-38F9-49B2-B0C4-9554BF49D78D}.Debug|Any CPU.ActiveCfg = Debug|Any CPU
		{9DCC7306-38F9-49B2-B0C4-9554BF49D78D}.Debug|Any CPU.Build.0 = Debug|Any CPU
		{9DCC7306-38F9-49B2-B0C4-9554BF49D78D}.Release|Any CPU.ActiveCfg = Release|Any CPU
		{9DCC7306-38F9-49B2-B0C4-9554BF49D78D}.Release|Any CPU.Build.0 = Release|Any CPU
		{01CF614D-CE15-4A12-A43A-C77BDDA5053D}.Debug|Any CPU.ActiveCfg = Debug|Any CPU
		{01CF614D-CE15-4A12-A43A-C77BDDA5053D}.Debug|Any CPU.Build.0 = Debug|Any CPU
		{01CF614D-CE15-4A12-A43A-C77BDDA5053D}.Release|Any CPU.ActiveCfg = Release|Any CPU
		{01CF614D-CE15-4A12-A43A-C77BDDA5053D}.Release|Any CPU.Build.0 = Release|Any CPU
	EndGlobalSection
	GlobalSection(SolutionProperties) = preSolution
		HideSolutionNode = FALSE
	EndGlobalSection
	GlobalSection(NestedProjects) = preSolution
		{CA0DB364-F9F0-41E2-8720-4880AF104714} = {05CF69DE-83DE-4FA7-9A54-81BF32EBB6B8}
		{74DFB674-75E5-467C-9592-79F8AD0B6751} = {14ADE3DC-E63B-49D5-AD10-90745D555E44}
		{20DCF4CE-B33A-4CCB-B60D-79A4C0872B51} = {14ADE3DC-E63B-49D5-AD10-90745D555E44}
		{C61F10D4-4DA4-4E58-9E96-255F7DA8ECBB} = {14ADE3DC-E63B-49D5-AD10-90745D555E44}
		{C7FEFFB0-8FCC-488B-90CA-D7D85DF8AC97} = {8DBFF396-6DCC-4F97-AF56-3EC033B0CD2A}
		{2A010AFE-F05C-4B8C-9DE7-CF477E7586F0} = {8DBFF396-6DCC-4F97-AF56-3EC033B0CD2A}
		{53D43A16-2C0A-45DB-B4AF-A3F014B2B652} = {8DBFF396-6DCC-4F97-AF56-3EC033B0CD2A}
		{64E7081F-B046-4F7A-9ADE-C69F313B4E19} = {8DBFF396-6DCC-4F97-AF56-3EC033B0CD2A}
		{78F47837-D5BF-46CA-A19E-92AA7F0FF825} = {B417DB22-A479-4272-B90B-83580BA9DFB4}
		{1FE04768-814F-409E-A7F3-A3B9B7C66184} = {B417DB22-A479-4272-B90B-83580BA9DFB4}
		{B1DAE6DA-2009-4093-BD5E-15DED7C09B1E} = {B417DB22-A479-4272-B90B-83580BA9DFB4}
		{7560BFCB-03ED-42E3-802C-5A16A963C622} = {5B77D209-D2C5-4E01-B59A-E64D3C051540}
		{9DCC7306-38F9-49B2-B0C4-9554BF49D78D} = {FF7530B3-EAF1-487B-8C89-6F3453B83BD0}
		{01CF614D-CE15-4A12-A43A-C77BDDA5053D} = {50FEE753-A6F6-43D8-BE0D-C3341A456C39}
	EndGlobalSection
	GlobalSection(ExtensibilityGlobals) = postSolution
		SolutionGuid = {982A7D92-3D31-4C28-BA19-4FE8DA0A040D}
	EndGlobalSection
EndGlobal
